
Microsoft Visual Studio Solution File, Format Version 12.00
# Visual Studio Version 17
VisualStudioVersion = 17.4.33213.308
MinimumVisualStudioVersion = 10.0.40219.1
Project("{FAE04EC0-301F-11D3-BF4B-00C04F79EFBC}") = "ApiCatalogo_MinimalAPI", "ApiCatalogo_MinimalAPI\ApiCatalogo_MinimalAPI.csproj", "{62FF816F-2693-487E-B2E1-485785CB146E}"
EndProject
Global
	GlobalSection(SolutionConfigurationPlatforms) = preSolution
		Debug|Any CPU = Debug|Any CPU
		Release|Any CPU = Release|Any CPU
	EndGlobalSection
	GlobalSection(ProjectConfigurationPlatforms) = postSolution
		{62FF816F-2693-487E-B2E1-485785CB146E}.Debug|Any CPU.ActiveCfg = Debug|Any CPU
		{62FF816F-2693-487E-B2E1-485785CB146E}.Debug|Any CPU.Build.0 = Debug|Any CPU
		{62FF816F-2693-487E-B2E1-485785CB146E}.Release|Any CPU.ActiveCfg = Release|Any CPU
		{62FF816F-2693-487E-B2E1-485785CB146E}.Release|Any CPU.Build.0 = Release|Any CPU
	EndGlobalSection
	GlobalSection(SolutionProperties) = preSolution
		HideSolutionNode = FALSE
	EndGlobalSection
	GlobalSection(ExtensibilityGlobals) = postSolution
		SolutionGuid = {68C26E99-BD40-4BC7-AF55-AE10026390FE}
	EndGlobalSection
EndGlobal
